
Microsoft Visual Studio Solution File, Format Version 12.00
# Visual Studio Version 16
VisualStudioVersion = 16.0.29409.12
MinimumVisualStudioVersion = 10.0.40219.1
Project("{FAE04EC0-301F-11D3-BF4B-00C04F79EFBC}") = "Monopoly", "Monopoly\Monopoly.csproj", "{DA85C095-4396-42AA-BC61-0E91C28A9B26}"
EndProject
Global
	GlobalSection(SolutionConfigurationPlatforms) = preSolution
		Debug|Any CPU = Debug|Any CPU
		Release|Any CPU = Release|Any CPU
	EndGlobalSection
	GlobalSection(ProjectConfigurationPlatforms) = postSolution
		{DA85C095-4396-42AA-BC61-0E91C28A9B26}.Debug|Any CPU.ActiveCfg = Debug|Any CPU
		{DA85C095-4396-42AA-BC61-0E91C28A9B26}.Debug|Any CPU.Build.0 = Debug|Any CPU
		{DA85C095-4396-42AA-BC61-0E91C28A9B26}.Release|Any CPU.ActiveCfg = Release|Any CPU
		{DA85C095-4396-42AA-BC61-0E91C28A9B26}.Release|Any CPU.Build.0 = Release|Any CPU
	EndGlobalSection
	GlobalSection(SolutionProperties) = preSolution
		HideSolutionNode = FALSE
	EndGlobalSection
	GlobalSection(ExtensibilityGlobals) = postSolution
		SolutionGuid = {A02E4C50-64E2-4178-B79D-BE52C91A0700}
	EndGlobalSection
EndGlobal
